
Microsoft Visual Studio Solution File, Format Version 12.00
# Visual Studio 15
VisualStudioVersion = 15.0.28010.2050
MinimumVisualStudioVersion = 10.0.40219.1
Project("{9092AA53-FB77-4645-B42D-1CCCA6BD08BD}") = "howits-chat", "howits-chat\howits-chat.njsproj", "{17BB8C38-9747-4759-80F9-FD80DD8B99D8}"
EndProject
Global
	GlobalSection(SolutionConfigurationPlatforms) = preSolution
		Debug|Any CPU = Debug|Any CPU
		Release|Any CPU = Release|Any CPU
	EndGlobalSection
	GlobalSection(ProjectConfigurationPlatforms) = postSolution
		{17BB8C38-9747-4759-80F9-FD80DD8B99D8}.Debug|Any CPU.ActiveCfg = Debug|Any CPU
		{17BB8C38-9747-4759-80F9-FD80DD8B99D8}.Debug|Any CPU.Build.0 = Debug|Any CPU
		{17BB8C38-9747-4759-80F9-FD80DD8B99D8}.Release|Any CPU.ActiveCfg = Release|Any CPU
		{17BB8C38-9747-4759-80F9-FD80DD8B99D8}.Release|Any CPU.Build.0 = Release|Any CPU
	EndGlobalSection
	GlobalSection(SolutionProperties) = preSolution
		HideSolutionNode = FALSE
	EndGlobalSection
	GlobalSection(ExtensibilityGlobals) = postSolution
		SolutionGuid = {4FF5D024-2AB7-4EFD-8288-9FA4ED686307}
	EndGlobalSection
EndGlobal
